
Microsoft Visual Studio Solution File, Format Version 12.00
# Visual Studio 15
VisualStudioVersion = 15.0.27004.2005
MinimumVisualStudioVersion = 10.0.40219.1
Project("{FAE04EC0-301F-11D3-BF4B-00C04F79EFBC}") = "PhotoManager", "PhotoManager\PhotoManager.csproj", "{05F221DE-613B-47B8-92F2-8C482C1BD9AB}"
EndProject
Global
	GlobalSection(SolutionConfigurationPlatforms) = preSolution
		Debug|Any CPU = Debug|Any CPU
		Release|Any CPU = Release|Any CPU
	EndGlobalSection
	GlobalSection(ProjectConfigurationPlatforms) = postSolution
		{05F221DE-613B-47B8-92F2-8C482C1BD9AB}.Debug|Any CPU.ActiveCfg = Debug|Any CPU
		{05F221DE-613B-47B8-92F2-8C482C1BD9AB}.Debug|Any CPU.Build.0 = Debug|Any CPU
		{05F221DE-613B-47B8-92F2-8C482C1BD9AB}.Release|Any CPU.ActiveCfg = Release|Any CPU
		{05F221DE-613B-47B8-92F2-8C482C1BD9AB}.Release|Any CPU.Build.0 = Release|Any CPU
	EndGlobalSection
	GlobalSection(SolutionProperties) = preSolution
		HideSolutionNode = FALSE
	EndGlobalSection
	GlobalSection(ExtensibilityGlobals) = postSolution
		SolutionGuid = {9E970523-C371-4660-8C12-FDFA97CBA78B}
	EndGlobalSection
EndGlobal
